
Microsoft Visual Studio Solution File, Format Version 12.00
# Visual Studio 15
VisualStudioVersion = 15.0.28010.2046
MinimumVisualStudioVersion = 10.0.40219.1
Project("{FAE04EC0-301F-11D3-BF4B-00C04F79EFBC}") = "quiz", "quiz\quiz.csproj", "{A0E0DA73-34AD-4B4E-8326-3D9549062D17}"
EndProject
Global
	GlobalSection(SolutionConfigurationPlatforms) = preSolution
		Debug|Any CPU = Debug|Any CPU
		Release|Any CPU = Release|Any CPU
	EndGlobalSection
	GlobalSection(ProjectConfigurationPlatforms) = postSolution
		{A0E0DA73-34AD-4B4E-8326-3D9549062D17}.Debug|Any CPU.ActiveCfg = Debug|Any CPU
		{A0E0DA73-34AD-4B4E-8326-3D9549062D17}.Debug|Any CPU.Build.0 = Debug|Any CPU
		{A0E0DA73-34AD-4B4E-8326-3D9549062D17}.Release|Any CPU.ActiveCfg = Release|Any CPU
		{A0E0DA73-34AD-4B4E-8326-3D9549062D17}.Release|Any CPU.Build.0 = Release|Any CPU
	EndGlobalSection
	GlobalSection(SolutionProperties) = preSolution
		HideSolutionNode = FALSE
	EndGlobalSection
	GlobalSection(ExtensibilityGlobals) = postSolution
		SolutionGuid = {C10AEDB3-68A3-4FBD-8257-F72E4EC38AA8}
	EndGlobalSection
EndGlobal
